
Microsoft Visual Studio Solution File, Format Version 11.00
# Visual Studio 2010
Project("{F2A71F9B-5D33-465A-A702-920D77279786}") = "arith", "arith\arith.fsproj", "{4AB65166-E0B2-4C57-9AB4-FBE34B41DB1D}"
EndProject
Project("{F2A71F9B-5D33-465A-A702-920D77279786}") = "support", "support\support.fsproj", "{15CD1FAC-666F-4C5B-A4D3-B053A90BA9D2}"
EndProject
Project("{F2A71F9B-5D33-465A-A702-920D77279786}") = "bot", "bot\bot.fsproj", "{3A481600-CF31-48CE-8281-15A477B1BB98}"
EndProject
Project("{F2A71F9B-5D33-465A-A702-920D77279786}") = "equirec", "equirec\equirec.fsproj", "{BE27DD19-EC3F-426A-A8D9-D33FD15E58BD}"
EndProject
Project("{F2A71F9B-5D33-465A-A702-920D77279786}") = "fomega", "fomega\fomega.fsproj", "{A34A7F87-8A17-4D2E-AACD-177D4F7BD776}"
EndProject
Project("{F2A71F9B-5D33-465A-A702-920D77279786}") = "fomsub", "fomsub\fomsub.fsproj", "{652E92CC-C74F-4E93-B7B0-3C4978AB4CE0}"
EndProject
Project("{F2A71F9B-5D33-465A-A702-920D77279786}") = "fullequirec", "fullequirec\fullequirec.fsproj", "{3E8C2BE4-6AE7-45F4-9254-17DDEF29F83B}"
EndProject
Project("{F2A71F9B-5D33-465A-A702-920D77279786}") = "fullerror", "fullerror\fullerror.fsproj", "{09464C49-4F56-41FE-AB8D-7B8ED6DC0C03}"
EndProject
Project("{F2A71F9B-5D33-465A-A702-920D77279786}") = "fullfomsub", "fullfomsub\fullfomsub.fsproj", "{98060C9F-B889-4939-A5C8-9CAE2CA37058}"
EndProject
Project("{F2A71F9B-5D33-465A-A702-920D77279786}") = "fullfomsubref", "fullfomsubref\fullfomsubref.fsproj", "{ADA56ED9-3E9A-43A6-BF9F-D04D4B9DE3B8}"
EndProject
Project("{F2A71F9B-5D33-465A-A702-920D77279786}") = "fullisorec", "fullisorec\fullisorec.fsproj", "{A388D87E-C12E-4CC1-A1D7-A9847FFEFC10}"
EndProject
Project("{F2A71F9B-5D33-465A-A702-920D77279786}") = "fullomega", "fullomega\fullomega.fsproj", "{DB85D224-F6C0-41A5-BA4E-C4BB74F35F78}"
EndProject
Project("{F2A71F9B-5D33-465A-A702-920D77279786}") = "fullpoly", "fullpoly\fullpoly.fsproj", "{BB2782BD-BFCB-4AB4-9B4A-62CE131C84D2}"
EndProject
Project("{F2A71F9B-5D33-465A-A702-920D77279786}") = "fullrecon", "fullrecon\fullrecon.fsproj", "{3C39D932-1A91-4C1C-B3BC-9F101407424E}"
EndProject
Project("{F2A71F9B-5D33-465A-A702-920D77279786}") = "fullref", "fullref\fullref.fsproj", "{1509AE8C-FEC1-4F45-BB79-50D7D4EAC82D}"
EndProject
Project("{F2A71F9B-5D33-465A-A702-920D77279786}") = "fullsimple", "fullsimple\fullsimple.fsproj", "{498F459F-6CEE-4C27-9728-E5E5F7B9CBB8}"
EndProject
Project("{F2A71F9B-5D33-465A-A702-920D77279786}") = "fullsub", "fullsub\fullsub.fsproj", "{42A9C22D-84CB-4654-B6BF-7FCE51FA9402}"
EndProject
Project("{F2A71F9B-5D33-465A-A702-920D77279786}") = "fulluntyped", "fulluntyped\fulluntyped.fsproj", "{C88B1088-6A46-4BFF-8B68-71130B83B428}"
EndProject
Project("{F2A71F9B-5D33-465A-A702-920D77279786}") = "fullupdate", "fullupdate\fullupdate.fsproj", "{7B9A9A4C-C6EA-4AE2-80D9-B11ADF0DCFEF}"
EndProject
Project("{F2A71F9B-5D33-465A-A702-920D77279786}") = "joinexercise", "joinexercise\joinexercise.fsproj", "{B1AE16D0-0F07-45E2-B3E2-99D15AB7768E}"
EndProject
Project("{F2A71F9B-5D33-465A-A702-920D77279786}") = "letexercise", "letexercise\letexercise.fsproj", "{9498D909-D4E2-4BA2-B144-6EFDCE113438}"
EndProject
Project("{F2A71F9B-5D33-465A-A702-920D77279786}") = "purefsub", "purefsub\purefsub.fsproj", "{C089AF46-E3CC-4C18-9AFC-A643F83C8C2E}"
EndProject
Project("{F2A71F9B-5D33-465A-A702-920D77279786}") = "rcdsubbot", "rcdsubbot\rcdsubbot.fsproj", "{0C75E52A-4AAA-4463-9213-ED81602E06A1}"
EndProject
Project("{F2A71F9B-5D33-465A-A702-920D77279786}") = "recon", "recon\recon.fsproj", "{53D0F3BC-C139-45E6-A8E1-307C24A11948}"
EndProject
Project("{F2A71F9B-5D33-465A-A702-920D77279786}") = "reconbase", "reconbase\reconbase.fsproj", "{6E50C576-13EC-4E0D-A03C-0D2C3C877D85}"
EndProject
Project("{F2A71F9B-5D33-465A-A702-920D77279786}") = "simplebool", "simplebool\simplebool.fsproj", "{A9ECFD2E-FEF7-400F-B2E4-4555AC511CB5}"
EndProject
Project("{F2A71F9B-5D33-465A-A702-920D77279786}") = "tyarith", "tyarith\tyarith.fsproj", "{C5710176-66C2-4C21-AE81-D425C1DCD762}"
EndProject
Project("{F2A71F9B-5D33-465A-A702-920D77279786}") = "untyped", "untyped\untyped.fsproj", "{F166AE1C-FBBB-4B68-B249-71BB57C39D2F}"
EndProject
Project("{2150E333-8FDC-42A3-9474-1A3956D46DE8}") = ".nuget", ".nuget", "{EC2681BF-1AF4-4564-B340-BE3ED46176F9}"
	ProjectSection(SolutionItems) = preProject
		.nuget\NuGet.Config = .nuget\NuGet.Config
		.nuget\NuGet.exe = .nuget\NuGet.exe
		.nuget\NuGet.targets = .nuget\NuGet.targets
	EndProjectSection
EndProject
Global
	GlobalSection(SolutionConfigurationPlatforms) = preSolution
		Debug|Any CPU = Debug|Any CPU
		Debug|Mixed Platforms = Debug|Mixed Platforms
		Debug|x86 = Debug|x86
		Release|Any CPU = Release|Any CPU
		Release|Mixed Platforms = Release|Mixed Platforms
		Release|x86 = Release|x86
	EndGlobalSection
	GlobalSection(ProjectConfigurationPlatforms) = postSolution
		{4AB65166-E0B2-4C57-9AB4-FBE34B41DB1D}.Debug|Any CPU.ActiveCfg = Debug|x86
		{4AB65166-E0B2-4C57-9AB4-FBE34B41DB1D}.Debug|Mixed Platforms.ActiveCfg = Debug|x86
		{4AB65166-E0B2-4C57-9AB4-FBE34B41DB1D}.Debug|Mixed Platforms.Build.0 = Debug|x86
		{4AB65166-E0B2-4C57-9AB4-FBE34B41DB1D}.Debug|x86.ActiveCfg = Debug|x86
		{4AB65166-E0B2-4C57-9AB4-FBE34B41DB1D}.Debug|x86.Build.0 = Debug|x86
		{4AB65166-E0B2-4C57-9AB4-FBE34B41DB1D}.Release|Any CPU.ActiveCfg = Release|x86
		{4AB65166-E0B2-4C57-9AB4-FBE34B41DB1D}.Release|Mixed Platforms.ActiveCfg = Release|x86
		{4AB65166-E0B2-4C57-9AB4-FBE34B41DB1D}.Release|Mixed Platforms.Build.0 = Release|x86
		{4AB65166-E0B2-4C57-9AB4-FBE34B41DB1D}.Release|x86.ActiveCfg = Release|x86
		{4AB65166-E0B2-4C57-9AB4-FBE34B41DB1D}.Release|x86.Build.0 = Release|x86
		{15CD1FAC-666F-4C5B-A4D3-B053A90BA9D2}.Debug|Any CPU.ActiveCfg = Debug|Any CPU
		{15CD1FAC-666F-4C5B-A4D3-B053A90BA9D2}.Debug|Any CPU.Build.0 = Debug|Any CPU
		{15CD1FAC-666F-4C5B-A4D3-B053A90BA9D2}.Debug|Mixed Platforms.ActiveCfg = Debug|Any CPU
		{15CD1FAC-666F-4C5B-A4D3-B053A90BA9D2}.Debug|Mixed Platforms.Build.0 = Debug|Any CPU
		{15CD1FAC-666F-4C5B-A4D3-B053A90BA9D2}.Debug|x86.ActiveCfg = Debug|Any CPU
		{15CD1FAC-666F-4C5B-A4D3-B053A90BA9D2}.Release|Any CPU.ActiveCfg = Release|Any CPU
		{15CD1FAC-666F-4C5B-A4D3-B053A90BA9D2}.Release|Any CPU.Build.0 = Release|Any CPU
		{15CD1FAC-666F-4C5B-A4D3-B053A90BA9D2}.Release|Mixed Platforms.ActiveCfg = Release|Any CPU
		{15CD1FAC-666F-4C5B-A4D3-B053A90BA9D2}.Release|Mixed Platforms.Build.0 = Release|Any CPU
		{15CD1FAC-666F-4C5B-A4D3-B053A90BA9D2}.Release|x86.ActiveCfg = Release|Any CPU
		{3A481600-CF31-48CE-8281-15A477B1BB98}.Debug|Any CPU.ActiveCfg = Debug|x86
		{3A481600-CF31-48CE-8281-15A477B1BB98}.Debug|Mixed Platforms.ActiveCfg = Debug|x86
		{3A481600-CF31-48CE-8281-15A477B1BB98}.Debug|Mixed Platforms.Build.0 = Debug|x86
		{3A481600-CF31-48CE-8281-15A477B1BB98}.Debug|x86.ActiveCfg = Debug|x86
		{3A481600-CF31-48CE-8281-15A477B1BB98}.Debug|x86.Build.0 = Debug|x86
		{3A481600-CF31-48CE-8281-15A477B1BB98}.Release|Any CPU.ActiveCfg = Release|x86
		{3A481600-CF31-48CE-8281-15A477B1BB98}.Release|Mixed Platforms.ActiveCfg = Release|x86
		{3A481600-CF31-48CE-8281-15A477B1BB98}.Release|Mixed Platforms.Build.0 = Release|x86
		{3A481600-CF31-48CE-8281-15A477B1BB98}.Release|x86.ActiveCfg = Release|x86
		{3A481600-CF31-48CE-8281-15A477B1BB98}.Release|x86.Build.0 = Release|x86
		{BE27DD19-EC3F-426A-A8D9-D33FD15E58BD}.Debug|Any CPU.ActiveCfg = Debug|x86
		{BE27DD19-EC3F-426A-A8D9-D33FD15E58BD}.Debug|Mixed Platforms.ActiveCfg = Debug|x86
		{BE27DD19-EC3F-426A-A8D9-D33FD15E58BD}.Debug|Mixed Platforms.Build.0 = Debug|x86
		{BE27DD19-EC3F-426A-A8D9-D33FD15E58BD}.Debug|x86.ActiveCfg = Debug|x86
		{BE27DD19-EC3F-426A-A8D9-D33FD15E58BD}.Debug|x86.Build.0 = Debug|x86
		{BE27DD19-EC3F-426A-A8D9-D33FD15E58BD}.Release|Any CPU.ActiveCfg = Release|x86
		{BE27DD19-EC3F-426A-A8D9-D33FD15E58BD}.Release|Mixed Platforms.ActiveCfg = Release|x86
		{BE27DD19-EC3F-426A-A8D9-D33FD15E58BD}.Release|Mixed Platforms.Build.0 = Release|x86
		{BE27DD19-EC3F-426A-A8D9-D33FD15E58BD}.Release|x86.ActiveCfg = Release|x86
		{BE27DD19-EC3F-426A-A8D9-D33FD15E58BD}.Release|x86.Build.0 = Release|x86
		{A34A7F87-8A17-4D2E-AACD-177D4F7BD776}.Debug|Any CPU.ActiveCfg = Debug|x86
		{A34A7F87-8A17-4D2E-AACD-177D4F7BD776}.Debug|Mixed Platforms.ActiveCfg = Debug|x86
		{A34A7F87-8A17-4D2E-AACD-177D4F7BD776}.Debug|Mixed Platforms.Build.0 = Debug|x86
		{A34A7F87-8A17-4D2E-AACD-177D4F7BD776}.Debug|x86.ActiveCfg = Debug|x86
		{A34A7F87-8A17-4D2E-AACD-177D4F7BD776}.Debug|x86.Build.0 = Debug|x86
		{A34A7F87-8A17-4D2E-AACD-177D4F7BD776}.Release|Any CPU.ActiveCfg = Release|x86
		{A34A7F87-8A17-4D2E-AACD-177D4F7BD776}.Release|Mixed Platforms.ActiveCfg = Release|x86
		{A34A7F87-8A17-4D2E-AACD-177D4F7BD776}.Release|Mixed Platforms.Build.0 = Release|x86
		{A34A7F87-8A17-4D2E-AACD-177D4F7BD776}.Release|x86.ActiveCfg = Release|x86
		{A34A7F87-8A17-4D2E-AACD-177D4F7BD776}.Release|x86.Build.0 = Release|x86
		{652E92CC-C74F-4E93-B7B0-3C4978AB4CE0}.Debug|Any CPU.ActiveCfg = Debug|x86
		{652E92CC-C74F-4E93-B7B0-3C4978AB4CE0}.Debug|Mixed Platforms.ActiveCfg = Debug|x86
		{652E92CC-C74F-4E93-B7B0-3C4978AB4CE0}.Debug|Mixed Platforms.Build.0 = Debug|x86
		{652E92CC-C74F-4E93-B7B0-3C4978AB4CE0}.Debug|x86.ActiveCfg = Debug|x86
		{652E92CC-C74F-4E93-B7B0-3C4978AB4CE0}.Debug|x86.Build.0 = Debug|x86
		{652E92CC-C74F-4E93-B7B0-3C4978AB4CE0}.Release|Any CPU.ActiveCfg = Release|x86
		{652E92CC-C74F-4E93-B7B0-3C4978AB4CE0}.Release|Mixed Platforms.ActiveCfg = Release|x86
		{652E92CC-C74F-4E93-B7B0-3C4978AB4CE0}.Release|Mixed Platforms.Build.0 = Release|x86
		{652E92CC-C74F-4E93-B7B0-3C4978AB4CE0}.Release|x86.ActiveCfg = Release|x86
		{652E92CC-C74F-4E93-B7B0-3C4978AB4CE0}.Release|x86.Build.0 = Release|x86
		{3E8C2BE4-6AE7-45F4-9254-17DDEF29F83B}.Debug|Any CPU.ActiveCfg = Debug|x86
		{3E8C2BE4-6AE7-45F4-9254-17DDEF29F83B}.Debug|Mixed Platforms.ActiveCfg = Debug|x86
		{3E8C2BE4-6AE7-45F4-9254-17DDEF29F83B}.Debug|Mixed Platforms.Build.0 = Debug|x86
		{3E8C2BE4-6AE7-45F4-9254-17DDEF29F83B}.Debug|x86.ActiveCfg = Debug|x86
		{3E8C2BE4-6AE7-45F4-9254-17DDEF29F83B}.Debug|x86.Build.0 = Debug|x86
		{3E8C2BE4-6AE7-45F4-9254-17DDEF29F83B}.Release|Any CPU.ActiveCfg = Release|x86
		{3E8C2BE4-6AE7-45F4-9254-17DDEF29F83B}.Release|Mixed Platforms.ActiveCfg = Release|x86
		{3E8C2BE4-6AE7-45F4-9254-17DDEF29F83B}.Release|Mixed Platforms.Build.0 = Release|x86
		{3E8C2BE4-6AE7-45F4-9254-17DDEF29F83B}.Release|x86.ActiveCfg = Release|x86
		{3E8C2BE4-6AE7-45F4-9254-17DDEF29F83B}.Release|x86.Build.0 = Release|x86
		{09464C49-4F56-41FE-AB8D-7B8ED6DC0C03}.Debug|Any CPU.ActiveCfg = Debug|x86
		{09464C49-4F56-41FE-AB8D-7B8ED6DC0C03}.Debug|Mixed Platforms.ActiveCfg = Debug|x86
		{09464C49-4F56-41FE-AB8D-7B8ED6DC0C03}.Debug|Mixed Platforms.Build.0 = Debug|x86
		{09464C49-4F56-41FE-AB8D-7B8ED6DC0C03}.Debug|x86.ActiveCfg = Debug|x86
		{09464C49-4F56-41FE-AB8D-7B8ED6DC0C03}.Debug|x86.Build.0 = Debug|x86
		{09464C49-4F56-41FE-AB8D-7B8ED6DC0C03}.Release|Any CPU.ActiveCfg = Release|x86
		{09464C49-4F56-41FE-AB8D-7B8ED6DC0C03}.Release|Mixed Platforms.ActiveCfg = Release|x86
		{09464C49-4F56-41FE-AB8D-7B8ED6DC0C03}.Release|Mixed Platforms.Build.0 = Release|x86
		{09464C49-4F56-41FE-AB8D-7B8ED6DC0C03}.Release|x86.ActiveCfg = Release|x86
		{09464C49-4F56-41FE-AB8D-7B8ED6DC0C03}.Release|x86.Build.0 = Release|x86
		{98060C9F-B889-4939-A5C8-9CAE2CA37058}.Debug|Any CPU.ActiveCfg = Debug|x86
		{98060C9F-B889-4939-A5C8-9CAE2CA37058}.Debug|Mixed Platforms.ActiveCfg = Debug|x86
		{98060C9F-B889-4939-A5C8-9CAE2CA37058}.Debug|Mixed Platforms.Build.0 = Debug|x86
		{98060C9F-B889-4939-A5C8-9CAE2CA37058}.Debug|x86.ActiveCfg = Debug|x86
		{98060C9F-B889-4939-A5C8-9CAE2CA37058}.Debug|x86.Build.0 = Debug|x86
		{98060C9F-B889-4939-A5C8-9CAE2CA37058}.Release|Any CPU.ActiveCfg = Release|x86
		{98060C9F-B889-4939-A5C8-9CAE2CA37058}.Release|Mixed Platforms.ActiveCfg = Release|x86
		{98060C9F-B889-4939-A5C8-9CAE2CA37058}.Release|Mixed Platforms.Build.0 = Release|x86
		{98060C9F-B889-4939-A5C8-9CAE2CA37058}.Release|x86.ActiveCfg = Release|x86
		{98060C9F-B889-4939-A5C8-9CAE2CA37058}.Release|x86.Build.0 = Release|x86
		{ADA56ED9-3E9A-43A6-BF9F-D04D4B9DE3B8}.Debug|Any CPU.ActiveCfg = Debug|x86
		{ADA56ED9-3E9A-43A6-BF9F-D04D4B9DE3B8}.Debug|Mixed Platforms.ActiveCfg = Debug|x86
		{ADA56ED9-3E9A-43A6-BF9F-D04D4B9DE3B8}.Debug|Mixed Platforms.Build.0 = Debug|x86
		{ADA56ED9-3E9A-43A6-BF9F-D04D4B9DE3B8}.Debug|x86.ActiveCfg = Debug|x86
		{ADA56ED9-3E9A-43A6-BF9F-D04D4B9DE3B8}.Debug|x86.Build.0 = Debug|x86
		{ADA56ED9-3E9A-43A6-BF9F-D04D4B9DE3B8}.Release|Any CPU.ActiveCfg = Release|x86
		{ADA56ED9-3E9A-43A6-BF9F-D04D4B9DE3B8}.Release|Mixed Platforms.ActiveCfg = Release|x86
		{ADA56ED9-3E9A-43A6-BF9F-D04D4B9DE3B8}.Release|Mixed Platforms.Build.0 = Release|x86
		{ADA56ED9-3E9A-43A6-BF9F-D04D4B9DE3B8}.Release|x86.ActiveCfg = Release|x86
		{ADA56ED9-3E9A-43A6-BF9F-D04D4B9DE3B8}.Release|x86.Build.0 = Release|x86
		{A388D87E-C12E-4CC1-A1D7-A9847FFEFC10}.Debug|Any CPU.ActiveCfg = Debug|x86
		{A388D87E-C12E-4CC1-A1D7-A9847FFEFC10}.Debug|Mixed Platforms.ActiveCfg = Debug|x86
		{A388D87E-C12E-4CC1-A1D7-A9847FFEFC10}.Debug|Mixed Platforms.Build.0 = Debug|x86
		{A388D87E-C12E-4CC1-A1D7-A9847FFEFC10}.Debug|x86.ActiveCfg = Debug|x86
		{A388D87E-C12E-4CC1-A1D7-A9847FFEFC10}.Debug|x86.Build.0 = Debug|x86
		{A388D87E-C12E-4CC1-A1D7-A9847FFEFC10}.Release|Any CPU.ActiveCfg = Release|x86
		{A388D87E-C12E-4CC1-A1D7-A9847FFEFC10}.Release|Mixed Platforms.ActiveCfg = Release|x86
		{A388D87E-C12E-4CC1-A1D7-A9847FFEFC10}.Release|Mixed Platforms.Build.0 = Release|x86
		{A388D87E-C12E-4CC1-A1D7-A9847FFEFC10}.Release|x86.ActiveCfg = Release|x86
		{A388D87E-C12E-4CC1-A1D7-A9847FFEFC10}.Release|x86.Build.0 = Release|x86
		{DB85D224-F6C0-41A5-BA4E-C4BB74F35F78}.Debug|Any CPU.ActiveCfg = Debug|x86
		{DB85D224-F6C0-41A5-BA4E-C4BB74F35F78}.Debug|Mixed Platforms.ActiveCfg = Debug|x86
		{DB85D224-F6C0-41A5-BA4E-C4BB74F35F78}.Debug|Mixed Platforms.Build.0 = Debug|x86
		{DB85D224-F6C0-41A5-BA4E-C4BB74F35F78}.Debug|x86.ActiveCfg = Debug|x86
		{DB85D224-F6C0-41A5-BA4E-C4BB74F35F78}.Debug|x86.Build.0 = Debug|x86
		{DB85D224-F6C0-41A5-BA4E-C4BB74F35F78}.Release|Any CPU.ActiveCfg = Release|x86
		{DB85D224-F6C0-41A5-BA4E-C4BB74F35F78}.Release|Mixed Platforms.ActiveCfg = Release|x86
		{DB85D224-F6C0-41A5-BA4E-C4BB74F35F78}.Release|Mixed Platforms.Build.0 = Release|x86
		{DB85D224-F6C0-41A5-BA4E-C4BB74F35F78}.Release|x86.ActiveCfg = Release|x86
		{DB85D224-F6C0-41A5-BA4E-C4BB74F35F78}.Release|x86.Build.0 = Release|x86
		{BB2782BD-BFCB-4AB4-9B4A-62CE131C84D2}.Debug|Any CPU.ActiveCfg = Debug|x86
		{BB2782BD-BFCB-4AB4-9B4A-62CE131C84D2}.Debug|Mixed Platforms.ActiveCfg = Debug|x86
		{BB2782BD-BFCB-4AB4-9B4A-62CE131C84D2}.Debug|Mixed Platforms.Build.0 = Debug|x86
		{BB2782BD-BFCB-4AB4-9B4A-62CE131C84D2}.Debug|x86.ActiveCfg = Debug|x86
		{BB2782BD-BFCB-4AB4-9B4A-62CE131C84D2}.Debug|x86.Build.0 = Debug|x86
		{BB2782BD-BFCB-4AB4-9B4A-62CE131C84D2}.Release|Any CPU.ActiveCfg = Release|x86
		{BB2782BD-BFCB-4AB4-9B4A-62CE131C84D2}.Release|Mixed Platforms.ActiveCfg = Release|x86
		{BB2782BD-BFCB-4AB4-9B4A-62CE131C84D2}.Release|Mixed Platforms.Build.0 = Release|x86
		{BB2782BD-BFCB-4AB4-9B4A-62CE131C84D2}.Release|x86.ActiveCfg = Release|x86
		{BB2782BD-BFCB-4AB4-9B4A-62CE131C84D2}.Release|x86.Build.0 = Release|x86
		{3C39D932-1A91-4C1C-B3BC-9F101407424E}.Debug|Any CPU.ActiveCfg = Debug|x86
		{3C39D932-1A91-4C1C-B3BC-9F101407424E}.Debug|Mixed Platforms.ActiveCfg = Debug|x86
		{3C39D932-1A91-4C1C-B3BC-9F101407424E}.Debug|Mixed Platforms.Build.0 = Debug|x86
		{3C39D932-1A91-4C1C-B3BC-9F101407424E}.Debug|x86.ActiveCfg = Debug|x86
		{3C39D932-1A91-4C1C-B3BC-9F101407424E}.Debug|x86.Build.0 = Debug|x86
		{3C39D932-1A91-4C1C-B3BC-9F101407424E}.Release|Any CPU.ActiveCfg = Release|x86
		{3C39D932-1A91-4C1C-B3BC-9F101407424E}.Release|Mixed Platforms.ActiveCfg = Release|x86
		{3C39D932-1A91-4C1C-B3BC-9F101407424E}.Release|Mixed Platforms.Build.0 = Release|x86
		{3C39D932-1A91-4C1C-B3BC-9F101407424E}.Release|x86.ActiveCfg = Release|x86
		{3C39D932-1A91-4C1C-B3BC-9F101407424E}.Release|x86.Build.0 = Release|x86
		{1509AE8C-FEC1-4F45-BB79-50D7D4EAC82D}.Debug|Any CPU.ActiveCfg = Debug|x86
		{1509AE8C-FEC1-4F45-BB79-50D7D4EAC82D}.Debug|Mixed Platforms.ActiveCfg = Debug|x86
		{1509AE8C-FEC1-4F45-BB79-50D7D4EAC82D}.Debug|Mixed Platforms.Build.0 = Debug|x86
		{1509AE8C-FEC1-4F45-BB79-50D7D4EAC82D}.Debug|x86.ActiveCfg = Debug|x86
		{1509AE8C-FEC1-4F45-BB79-50D7D4EAC82D}.Debug|x86.Build.0 = Debug|x86
		{1509AE8C-FEC1-4F45-BB79-50D7D4EAC82D}.Release|Any CPU.ActiveCfg = Release|x86
		{1509AE8C-FEC1-4F45-BB79-50D7D4EAC82D}.Release|Mixed Platforms.ActiveCfg = Release|x86
		{1509AE8C-FEC1-4F45-BB79-50D7D4EAC82D}.Release|Mixed Platforms.Build.0 = Release|x86
		{1509AE8C-FEC1-4F45-BB79-50D7D4EAC82D}.Release|x86.ActiveCfg = Release|x86
		{1509AE8C-FEC1-4F45-BB79-50D7D4EAC82D}.Release|x86.Build.0 = Release|x86
		{498F459F-6CEE-4C27-9728-E5E5F7B9CBB8}.Debug|Any CPU.ActiveCfg = Debug|x86
		{498F459F-6CEE-4C27-9728-E5E5F7B9CBB8}.Debug|Mixed Platforms.ActiveCfg = Debug|x86
		{498F459F-6CEE-4C27-9728-E5E5F7B9CBB8}.Debug|Mixed Platforms.Build.0 = Debug|x86
		{498F459F-6CEE-4C27-9728-E5E5F7B9CBB8}.Debug|x86.ActiveCfg = Debug|x86
		{498F459F-6CEE-4C27-9728-E5E5F7B9CBB8}.Debug|x86.Build.0 = Debug|x86
		{498F459F-6CEE-4C27-9728-E5E5F7B9CBB8}.Release|Any CPU.ActiveCfg = Release|x86
		{498F459F-6CEE-4C27-9728-E5E5F7B9CBB8}.Release|Mixed Platforms.ActiveCfg = Release|x86
		{498F459F-6CEE-4C27-9728-E5E5F7B9CBB8}.Release|Mixed Platforms.Build.0 = Release|x86
		{498F459F-6CEE-4C27-9728-E5E5F7B9CBB8}.Release|x86.ActiveCfg = Release|x86
		{498F459F-6CEE-4C27-9728-E5E5F7B9CBB8}.Release|x86.Build.0 = Release|x86
		{42A9C22D-84CB-4654-B6BF-7FCE51FA9402}.Debug|Any CPU.ActiveCfg = Debug|x86
		{42A9C22D-84CB-4654-B6BF-7FCE51FA9402}.Debug|Mixed Platforms.ActiveCfg = Debug|x86
		{42A9C22D-84CB-4654-B6BF-7FCE51FA9402}.Debug|Mixed Platforms.Build.0 = Debug|x86
		{42A9C22D-84CB-4654-B6BF-7FCE51FA9402}.Debug|x86.ActiveCfg = Debug|x86
		{42A9C22D-84CB-4654-B6BF-7FCE51FA9402}.Debug|x86.Build.0 = Debug|x86
		{42A9C22D-84CB-4654-B6BF-7FCE51FA9402}.Release|Any CPU.ActiveCfg = Release|x86
		{42A9C22D-84CB-4654-B6BF-7FCE51FA9402}.Release|Mixed Platforms.ActiveCfg = Release|x86
		{42A9C22D-84CB-4654-B6BF-7FCE51FA9402}.Release|Mixed Platforms.Build.0 = Release|x86
		{42A9C22D-84CB-4654-B6BF-7FCE51FA9402}.Release|x86.ActiveCfg = Release|x86
		{42A9C22D-84CB-4654-B6BF-7FCE51FA9402}.Release|x86.Build.0 = Release|x86
		{C88B1088-6A46-4BFF-8B68-71130B83B428}.Debug|Any CPU.ActiveCfg = Debug|x86
		{C88B1088-6A46-4BFF-8B68-71130B83B428}.Debug|Mixed Platforms.ActiveCfg = Debug|x86
		{C88B1088-6A46-4BFF-8B68-71130B83B428}.Debug|Mixed Platforms.Build.0 = Debug|x86
		{C88B1088-6A46-4BFF-8B68-71130B83B428}.Debug|x86.ActiveCfg = Debug|x86
		{C88B1088-6A46-4BFF-8B68-71130B83B428}.Debug|x86.Build.0 = Debug|x86
		{C88B1088-6A46-4BFF-8B68-71130B83B428}.Release|Any CPU.ActiveCfg = Release|x86
		{C88B1088-6A46-4BFF-8B68-71130B83B428}.Release|Mixed Platforms.ActiveCfg = Release|x86
		{C88B1088-6A46-4BFF-8B68-71130B83B428}.Release|Mixed Platforms.Build.0 = Release|x86
		{C88B1088-6A46-4BFF-8B68-71130B83B428}.Release|x86.ActiveCfg = Release|x86
		{C88B1088-6A46-4BFF-8B68-71130B83B428}.Release|x86.Build.0 = Release|x86
		{7B9A9A4C-C6EA-4AE2-80D9-B11ADF0DCFEF}.Debug|Any CPU.ActiveCfg = Debug|x86
		{7B9A9A4C-C6EA-4AE2-80D9-B11ADF0DCFEF}.Debug|Mixed Platforms.ActiveCfg = Debug|x86
		{7B9A9A4C-C6EA-4AE2-80D9-B11ADF0DCFEF}.Debug|Mixed Platforms.Build.0 = Debug|x86
		{7B9A9A4C-C6EA-4AE2-80D9-B11ADF0DCFEF}.Debug|x86.ActiveCfg = Debug|x86
		{7B9A9A4C-C6EA-4AE2-80D9-B11ADF0DCFEF}.Debug|x86.Build.0 = Debug|x86
		{7B9A9A4C-C6EA-4AE2-80D9-B11ADF0DCFEF}.Release|Any CPU.ActiveCfg = Release|x86
		{7B9A9A4C-C6EA-4AE2-80D9-B11ADF0DCFEF}.Release|Mixed Platforms.ActiveCfg = Release|x86
		{7B9A9A4C-C6EA-4AE2-80D9-B11ADF0DCFEF}.Release|Mixed Platforms.Build.0 = Release|x86
		{7B9A9A4C-C6EA-4AE2-80D9-B11ADF0DCFEF}.Release|x86.ActiveCfg = Release|x86
		{7B9A9A4C-C6EA-4AE2-80D9-B11ADF0DCFEF}.Release|x86.Build.0 = Release|x86
		{B1AE16D0-0F07-45E2-B3E2-99D15AB7768E}.Debug|Any CPU.ActiveCfg = Debug|x86
		{B1AE16D0-0F07-45E2-B3E2-99D15AB7768E}.Debug|Mixed Platforms.ActiveCfg = Debug|x86
		{B1AE16D0-0F07-45E2-B3E2-99D15AB7768E}.Debug|Mixed Platforms.Build.0 = Debug|x86
		{B1AE16D0-0F07-45E2-B3E2-99D15AB7768E}.Debug|x86.ActiveCfg = Debug|x86
		{B1AE16D0-0F07-45E2-B3E2-99D15AB7768E}.Debug|x86.Build.0 = Debug|x86
		{B1AE16D0-0F07-45E2-B3E2-99D15AB7768E}.Release|Any CPU.ActiveCfg = Release|x86
		{B1AE16D0-0F07-45E2-B3E2-99D15AB7768E}.Release|Mixed Platforms.ActiveCfg = Release|x86
		{B1AE16D0-0F07-45E2-B3E2-99D15AB7768E}.Release|Mixed Platforms.Build.0 = Release|x86
		{B1AE16D0-0F07-45E2-B3E2-99D15AB7768E}.Release|x86.ActiveCfg = Release|x86
		{B1AE16D0-0F07-45E2-B3E2-99D15AB7768E}.Release|x86.Build.0 = Release|x86
		{9498D909-D4E2-4BA2-B144-6EFDCE113438}.Debug|Any CPU.ActiveCfg = Debug|x86
		{9498D909-D4E2-4BA2-B144-6EFDCE113438}.Debug|Mixed Platforms.ActiveCfg = Debug|x86
		{9498D909-D4E2-4BA2-B144-6EFDCE113438}.Debug|Mixed Platforms.Build.0 = Debug|x86
		{9498D909-D4E2-4BA2-B144-6EFDCE113438}.Debug|x86.ActiveCfg = Debug|x86
		{9498D909-D4E2-4BA2-B144-6EFDCE113438}.Debug|x86.Build.0 = Debug|x86
		{9498D909-D4E2-4BA2-B144-6EFDCE113438}.Release|Any CPU.ActiveCfg = Release|x86
		{9498D909-D4E2-4BA2-B144-6EFDCE113438}.Release|Mixed Platforms.ActiveCfg = Release|x86
		{9498D909-D4E2-4BA2-B144-6EFDCE113438}.Release|Mixed Platforms.Build.0 = Release|x86
		{9498D909-D4E2-4BA2-B144-6EFDCE113438}.Release|x86.ActiveCfg = Release|x86
		{9498D909-D4E2-4BA2-B144-6EFDCE113438}.Release|x86.Build.0 = Release|x86
		{C089AF46-E3CC-4C18-9AFC-A643F83C8C2E}.Debug|Any CPU.ActiveCfg = Debug|x86
		{C089AF46-E3CC-4C18-9AFC-A643F83C8C2E}.Debug|Mixed Platforms.ActiveCfg = Debug|x86
		{C089AF46-E3CC-4C18-9AFC-A643F83C8C2E}.Debug|Mixed Platforms.Build.0 = Debug|x86
		{C089AF46-E3CC-4C18-9AFC-A643F83C8C2E}.Debug|x86.ActiveCfg = Debug|x86
		{C089AF46-E3CC-4C18-9AFC-A643F83C8C2E}.Debug|x86.Build.0 = Debug|x86
		{C089AF46-E3CC-4C18-9AFC-A643F83C8C2E}.Release|Any CPU.ActiveCfg = Release|x86
		{C089AF46-E3CC-4C18-9AFC-A643F83C8C2E}.Release|Mixed Platforms.ActiveCfg = Release|x86
		{C089AF46-E3CC-4C18-9AFC-A643F83C8C2E}.Release|Mixed Platforms.Build.0 = Release|x86
		{C089AF46-E3CC-4C18-9AFC-A643F83C8C2E}.Release|x86.ActiveCfg = Release|x86
		{C089AF46-E3CC-4C18-9AFC-A643F83C8C2E}.Release|x86.Build.0 = Release|x86
		{0C75E52A-4AAA-4463-9213-ED81602E06A1}.Debug|Any CPU.ActiveCfg = Debug|x86
		{0C75E52A-4AAA-4463-9213-ED81602E06A1}.Debug|Mixed Platforms.ActiveCfg = Debug|x86
		{0C75E52A-4AAA-4463-9213-ED81602E06A1}.Debug|Mixed Platforms.Build.0 = Debug|x86
		{0C75E52A-4AAA-4463-9213-ED81602E06A1}.Debug|x86.ActiveCfg = Debug|x86
		{0C75E52A-4AAA-4463-9213-ED81602E06A1}.Debug|x86.Build.0 = Debug|x86
		{0C75E52A-4AAA-4463-9213-ED81602E06A1}.Release|Any CPU.ActiveCfg = Release|x86
		{0C75E52A-4AAA-4463-9213-ED81602E06A1}.Release|Mixed Platforms.ActiveCfg = Release|x86
		{0C75E52A-4AAA-4463-9213-ED81602E06A1}.Release|Mixed Platforms.Build.0 = Release|x86
		{0C75E52A-4AAA-4463-9213-ED81602E06A1}.Release|x86.ActiveCfg = Release|x86
		{0C75E52A-4AAA-4463-9213-ED81602E06A1}.Release|x86.Build.0 = Release|x86
		{53D0F3BC-C139-45E6-A8E1-307C24A11948}.Debug|Any CPU.ActiveCfg = Debug|x86
		{53D0F3BC-C139-45E6-A8E1-307C24A11948}.Debug|Mixed Platforms.ActiveCfg = Debug|x86
		{53D0F3BC-C139-45E6-A8E1-307C24A11948}.Debug|Mixed Platforms.Build.0 = Debug|x86
		{53D0F3BC-C139-45E6-A8E1-307C24A11948}.Debug|x86.ActiveCfg = Debug|x86
		{53D0F3BC-C139-45E6-A8E1-307C24A11948}.Debug|x86.Build.0 = Debug|x86
		{53D0F3BC-C139-45E6-A8E1-307C24A11948}.Release|Any CPU.ActiveCfg = Release|x86
		{53D0F3BC-C139-45E6-A8E1-307C24A11948}.Release|Mixed Platforms.ActiveCfg = Release|x86
		{53D0F3BC-C139-45E6-A8E1-307C24A11948}.Release|Mixed Platforms.Build.0 = Release|x86
		{53D0F3BC-C139-45E6-A8E1-307C24A11948}.Release|x86.ActiveCfg = Release|x86
		{53D0F3BC-C139-45E6-A8E1-307C24A11948}.Release|x86.Build.0 = Release|x86
		{6E50C576-13EC-4E0D-A03C-0D2C3C877D85}.Debug|Any CPU.ActiveCfg = Debug|x86
		{6E50C576-13EC-4E0D-A03C-0D2C3C877D85}.Debug|Mixed Platforms.ActiveCfg = Debug|x86
		{6E50C576-13EC-4E0D-A03C-0D2C3C877D85}.Debug|Mixed Platforms.Build.0 = Debug|x86
		{6E50C576-13EC-4E0D-A03C-0D2C3C877D85}.Debug|x86.ActiveCfg = Debug|x86
		{6E50C576-13EC-4E0D-A03C-0D2C3C877D85}.Debug|x86.Build.0 = Debug|x86
		{6E50C576-13EC-4E0D-A03C-0D2C3C877D85}.Release|Any CPU.ActiveCfg = Release|x86
		{6E50C576-13EC-4E0D-A03C-0D2C3C877D85}.Release|Mixed Platforms.ActiveCfg = Release|x86
		{6E50C576-13EC-4E0D-A03C-0D2C3C877D85}.Release|Mixed Platforms.Build.0 = Release|x86
		{6E50C576-13EC-4E0D-A03C-0D2C3C877D85}.Release|x86.ActiveCfg = Release|x86
		{6E50C576-13EC-4E0D-A03C-0D2C3C877D85}.Release|x86.Build.0 = Release|x86
		{A9ECFD2E-FEF7-400F-B2E4-4555AC511CB5}.Debug|Any CPU.ActiveCfg = Debug|x86
		{A9ECFD2E-FEF7-400F-B2E4-4555AC511CB5}.Debug|Mixed Platforms.ActiveCfg = Debug|x86
		{A9ECFD2E-FEF7-400F-B2E4-4555AC511CB5}.Debug|Mixed Platforms.Build.0 = Debug|x86
		{A9ECFD2E-FEF7-400F-B2E4-4555AC511CB5}.Debug|x86.ActiveCfg = Debug|x86
		{A9ECFD2E-FEF7-400F-B2E4-4555AC511CB5}.Debug|x86.Build.0 = Debug|x86
		{A9ECFD2E-FEF7-400F-B2E4-4555AC511CB5}.Release|Any CPU.ActiveCfg = Release|x86
		{A9ECFD2E-FEF7-400F-B2E4-4555AC511CB5}.Release|Mixed Platforms.ActiveCfg = Release|x86
		{A9ECFD2E-FEF7-400F-B2E4-4555AC511CB5}.Release|Mixed Platforms.Build.0 = Release|x86
		{A9ECFD2E-FEF7-400F-B2E4-4555AC511CB5}.Release|x86.ActiveCfg = Release|x86
		{A9ECFD2E-FEF7-400F-B2E4-4555AC511CB5}.Release|x86.Build.0 = Release|x86
		{C5710176-66C2-4C21-AE81-D425C1DCD762}.Debug|Any CPU.ActiveCfg = Debug|x86
		{C5710176-66C2-4C21-AE81-D425C1DCD762}.Debug|Mixed Platforms.ActiveCfg = Debug|x86
		{C5710176-66C2-4C21-AE81-D425C1DCD762}.Debug|Mixed Platforms.Build.0 = Debug|x86
		{C5710176-66C2-4C21-AE81-D425C1DCD762}.Debug|x86.ActiveCfg = Debug|x86
		{C5710176-66C2-4C21-AE81-D425C1DCD762}.Debug|x86.Build.0 = Debug|x86
		{C5710176-66C2-4C21-AE81-D425C1DCD762}.Release|Any CPU.ActiveCfg = Release|x86
		{C5710176-66C2-4C21-AE81-D425C1DCD762}.Release|Mixed Platforms.ActiveCfg = Release|x86
		{C5710176-66C2-4C21-AE81-D425C1DCD762}.Release|Mixed Platforms.Build.0 = Release|x86
		{C5710176-66C2-4C21-AE81-D425C1DCD762}.Release|x86.ActiveCfg = Release|x86
		{C5710176-66C2-4C21-AE81-D425C1DCD762}.Release|x86.Build.0 = Release|x86
		{F166AE1C-FBBB-4B68-B249-71BB57C39D2F}.Debug|Any CPU.ActiveCfg = Debug|x86
		{F166AE1C-FBBB-4B68-B249-71BB57C39D2F}.Debug|Mixed Platforms.ActiveCfg = Debug|x86
		{F166AE1C-FBBB-4B68-B249-71BB57C39D2F}.Debug|Mixed Platforms.Build.0 = Debug|x86
		{F166AE1C-FBBB-4B68-B249-71BB57C39D2F}.Debug|x86.ActiveCfg = Debug|x86
		{F166AE1C-FBBB-4B68-B249-71BB57C39D2F}.Debug|x86.Build.0 = Debug|x86
		{F166AE1C-FBBB-4B68-B249-71BB57C39D2F}.Release|Any CPU.ActiveCfg = Release|x86
		{F166AE1C-FBBB-4B68-B249-71BB57C39D2F}.Release|Mixed Platforms.ActiveCfg = Release|x86
		{F166AE1C-FBBB-4B68-B249-71BB57C39D2F}.Release|Mixed Platforms.Build.0 = Release|x86
		{F166AE1C-FBBB-4B68-B249-71BB57C39D2F}.Release|x86.ActiveCfg = Release|x86
		{F166AE1C-FBBB-4B68-B249-71BB57C39D2F}.Release|x86.Build.0 = Release|x86
	EndGlobalSection
	GlobalSection(SolutionProperties) = preSolution
		HideSolutionNode = FALSE
	EndGlobalSection
EndGlobal
